
Microsoft Visual Studio Solution File, Format Version 12.00
# Visual Studio Version 17
VisualStudioVersion = 17.7.34018.315
MinimumVisualStudioVersion = 10.0.40219.1
Project("{8BC9CEB8-8B4A-11D0-8D11-00A0C91BC942}") = "CGT215_lab08", "CGT215_lab08.vcxproj", "{384AA8DE-6E74-4743-A0B0-0292B2A5512D}"
EndProject
Global
	GlobalSection(SolutionConfigurationPlatforms) = preSolution
		Debug|x64 = Debug|x64
		Debug|x86 = Debug|x86
		Release|x64 = Release|x64
		Release|x86 = Release|x86
	EndGlobalSection
	GlobalSection(ProjectConfigurationPlatforms) = postSolution
		{384AA8DE-6E74-4743-A0B0-0292B2A5512D}.Debug|x64.ActiveCfg = Debug|x64
		{384AA8DE-6E74-4743-A0B0-0292B2A5512D}.Debug|x64.Build.0 = Debug|x64
		{384AA8DE-6E74-4743-A0B0-0292B2A5512D}.Debug|x86.ActiveCfg = Debug|Win32
		{384AA8DE-6E74-4743-A0B0-0292B2A5512D}.Debug|x86.Build.0 = Debug|Win32
		{384AA8DE-6E74-4743-A0B0-0292B2A5512D}.Release|x64.ActiveCfg = Release|x64
		{384AA8DE-6E74-4743-A0B0-0292B2A5512D}.Release|x64.Build.0 = Release|x64
		{384AA8DE-6E74-4743-A0B0-0292B2A5512D}.Release|x86.ActiveCfg = Release|Win32
		{384AA8DE-6E74-4743-A0B0-0292B2A5512D}.Release|x86.Build.0 = Release|Win32
	EndGlobalSection
	GlobalSection(SolutionProperties) = preSolution
		HideSolutionNode = FALSE
	EndGlobalSection
	GlobalSection(ExtensibilityGlobals) = postSolution
		SolutionGuid = {99EFA5E0-FB16-44F8-AF10-0F3D74796691}
	EndGlobalSection
EndGlobal
